
Microsoft Visual Studio Solution File, Format Version 12.00
# Visual Studio Version 17
VisualStudioVersion = 17.0.31903.59
MinimumVisualStudioVersion = 10.0.40219.1
Project("{FAE04EC0-301F-11D3-BF4B-00C04F79EFBC}") = "MyApi", "apps/apps/my-api\MyApi.csproj", "{BCA75CC5-4BCA-456E-A83B-2A0F089527E1}"
EndProject
Project("{FAE04EC0-301F-11D3-BF4B-00C04F79EFBC}") = "MyLib", "my-lib\MyLib.csproj", "{C28CA3E5-A4DE-4061-8079-B235B4AC2FBB}"
EndProject
Project("{FAE04EC0-301F-11D3-BF4B-00C04F79EFBC}") = "MyLibrary", "my-library\MyLibrary.csproj", "{26DE4690-499C-425E-A083-AF4D8DEFA9C3}"
EndProject
Project("{FAE04EC0-301F-11D3-BF4B-00C04F79EFBC}") = "MyLibrary.Test", "my-library-test\MyLibrary.Test.csproj", "{0E087F8E-1E43-4DDC-B923-AC15B5D176E0}"
EndProject
Global
	GlobalSection(SolutionConfigurationPlatforms) = preSolution
		Debug|Any CPU = Debug|Any CPU
		Release|Any CPU = Release|Any CPU
	EndGlobalSection
	GlobalSection(SolutionProperties) = preSolution
		HideSolutionNode = FALSE
	EndGlobalSection
	GlobalSection(ProjectConfigurationPlatforms) = postSolution
		{BCA75CC5-4BCA-456E-A83B-2A0F089527E1}.Debug|Any CPU.ActiveCfg = Debug|Any CPU
		{BCA75CC5-4BCA-456E-A83B-2A0F089527E1}.Debug|Any CPU.Build.0 = Debug|Any CPU
		{BCA75CC5-4BCA-456E-A83B-2A0F089527E1}.Release|Any CPU.ActiveCfg = Release|Any CPU
		{BCA75CC5-4BCA-456E-A83B-2A0F089527E1}.Release|Any CPU.Build.0 = Release|Any CPU
		{C28CA3E5-A4DE-4061-8079-B235B4AC2FBB}.Debug|Any CPU.ActiveCfg = Debug|Any CPU
		{C28CA3E5-A4DE-4061-8079-B235B4AC2FBB}.Debug|Any CPU.Build.0 = Debug|Any CPU
		{C28CA3E5-A4DE-4061-8079-B235B4AC2FBB}.Release|Any CPU.ActiveCfg = Release|Any CPU
		{C28CA3E5-A4DE-4061-8079-B235B4AC2FBB}.Release|Any CPU.Build.0 = Release|Any CPU
		{26DE4690-499C-425E-A083-AF4D8DEFA9C3}.Debug|Any CPU.ActiveCfg = Debug|Any CPU
		{26DE4690-499C-425E-A083-AF4D8DEFA9C3}.Debug|Any CPU.Build.0 = Debug|Any CPU
		{26DE4690-499C-425E-A083-AF4D8DEFA9C3}.Release|Any CPU.ActiveCfg = Release|Any CPU
		{26DE4690-499C-425E-A083-AF4D8DEFA9C3}.Release|Any CPU.Build.0 = Release|Any CPU
		{0E087F8E-1E43-4DDC-B923-AC15B5D176E0}.Debug|Any CPU.ActiveCfg = Debug|Any CPU
		{0E087F8E-1E43-4DDC-B923-AC15B5D176E0}.Debug|Any CPU.Build.0 = Debug|Any CPU
		{0E087F8E-1E43-4DDC-B923-AC15B5D176E0}.Release|Any CPU.ActiveCfg = Release|Any CPU
		{0E087F8E-1E43-4DDC-B923-AC15B5D176E0}.Release|Any CPU.Build.0 = Release|Any CPU
	EndGlobalSection
EndGlobal
